
Microsoft Visual Studio Solution File, Format Version 12.00
# Visual Studio 15
VisualStudioVersion = 15.0.28307.329
MinimumVisualStudioVersion = 10.0.40219.1
Project("{FAE04EC0-301F-11D3-BF4B-00C04F79EFBC}") = "ConnectedLevelHomeWork", "ConnectedLevelHomeWork\ConnectedLevelHomeWork.csproj", "{42F18D0E-BE98-4994-B8AE-3530A48613BD}"
EndProject
Global
	GlobalSection(SolutionConfigurationPlatforms) = preSolution
		Debug|Any CPU = Debug|Any CPU
		Release|Any CPU = Release|Any CPU
	EndGlobalSection
	GlobalSection(ProjectConfigurationPlatforms) = postSolution
		{42F18D0E-BE98-4994-B8AE-3530A48613BD}.Debug|Any CPU.ActiveCfg = Debug|Any CPU
		{42F18D0E-BE98-4994-B8AE-3530A48613BD}.Debug|Any CPU.Build.0 = Debug|Any CPU
		{42F18D0E-BE98-4994-B8AE-3530A48613BD}.Release|Any CPU.ActiveCfg = Release|Any CPU
		{42F18D0E-BE98-4994-B8AE-3530A48613BD}.Release|Any CPU.Build.0 = Release|Any CPU
	EndGlobalSection
	GlobalSection(SolutionProperties) = preSolution
		HideSolutionNode = FALSE
	EndGlobalSection
	GlobalSection(ExtensibilityGlobals) = postSolution
		SolutionGuid = {2F0D132A-F7E3-4576-A6E6-CC987D07CBF5}
	EndGlobalSection
EndGlobal
